
Microsoft Visual Studio Solution File, Format Version 12.00
# Visual Studio Version 17
VisualStudioVersion = 17.3.32929.385
MinimumVisualStudioVersion = 10.0.40219.1
Project("{FAE04EC0-301F-11D3-BF4B-00C04F79EFBC}") = "Overriding", "Overriding\Overriding.csproj", "{01C5A1AC-816D-458F-9791-2BDE03281027}"
EndProject
Global
	GlobalSection(SolutionConfigurationPlatforms) = preSolution
		Debug|Any CPU = Debug|Any CPU
		Release|Any CPU = Release|Any CPU
	EndGlobalSection
	GlobalSection(ProjectConfigurationPlatforms) = postSolution
		{01C5A1AC-816D-458F-9791-2BDE03281027}.Debug|Any CPU.ActiveCfg = Debug|Any CPU
		{01C5A1AC-816D-458F-9791-2BDE03281027}.Debug|Any CPU.Build.0 = Debug|Any CPU
		{01C5A1AC-816D-458F-9791-2BDE03281027}.Release|Any CPU.ActiveCfg = Release|Any CPU
		{01C5A1AC-816D-458F-9791-2BDE03281027}.Release|Any CPU.Build.0 = Release|Any CPU
	EndGlobalSection
	GlobalSection(SolutionProperties) = preSolution
		HideSolutionNode = FALSE
	EndGlobalSection
	GlobalSection(ExtensibilityGlobals) = postSolution
		SolutionGuid = {309ED45C-6DBC-42F9-85CC-15E80A731D38}
	EndGlobalSection
EndGlobal
